
Microsoft Visual Studio Solution File, Format Version 12.00
# Visual Studio Version 17
VisualStudioVersion = 17.4.33103.184
MinimumVisualStudioVersion = 10.0.40219.1
Project("{FAE04EC0-301F-11D3-BF4B-00C04F79EFBC}") = "lab01", "lab01\lab01.csproj", "{507A0502-660D-46AC-A47D-1D36EA86538A}"
EndProject
Project("{FAE04EC0-301F-11D3-BF4B-00C04F79EFBC}") = "lab02", "lab02\lab02.csproj", "{3A79DF47-1678-42D7-9346-BA1F073ACCB9}"
EndProject
Project("{FAE04EC0-301F-11D3-BF4B-00C04F79EFBC}") = "lab03", "lab03\lab03.csproj", "{70A9AFB4-9B9A-4172-AECC-C5CD159AA50D}"
EndProject
Project("{FAE04EC0-301F-11D3-BF4B-00C04F79EFBC}") = "lab04", "lab04\lab04.csproj", "{5C35BDD7-DEDD-4E20-98F5-983CED076EC3}"
EndProject
Project("{FAE04EC0-301F-11D3-BF4B-00C04F79EFBC}") = "lab05", "lab05\lab05.csproj", "{18D0B152-617C-4B71-AB80-AB0E131DE364}"
EndProject
Project("{FAE04EC0-301F-11D3-BF4B-00C04F79EFBC}") = "lab06", "lab06\lab06.csproj", "{05368AD0-A179-4F07-93A8-AA2605AA5D77}"
EndProject
Project("{FAE04EC0-301F-11D3-BF4B-00C04F79EFBC}") = "lab07", "lab07\lab07.csproj", "{0C03BFEA-EDFE-47A8-B98E-66CD66C052DE}"
EndProject
Project("{FAE04EC0-301F-11D3-BF4B-00C04F79EFBC}") = "lab08", "lab08\lab08.csproj", "{141C7992-20D7-47C1-AC9D-CD4C961E40BA}"
EndProject
Project("{FAE04EC0-301F-11D3-BF4B-00C04F79EFBC}") = "lab10", "lab10\lab10.csproj", "{09F24005-8910-4876-93E6-0635AD0A755C}"
EndProject
Project("{FAE04EC0-301F-11D3-BF4B-00C04F79EFBC}") = "lab11", "lab11\lab11.csproj", "{D01BFC7E-2623-4D91-A485-830C8C1487CC}"
EndProject
Global
	GlobalSection(SolutionConfigurationPlatforms) = preSolution
		Debug|Any CPU = Debug|Any CPU
		Release|Any CPU = Release|Any CPU
	EndGlobalSection
	GlobalSection(ProjectConfigurationPlatforms) = postSolution
		{507A0502-660D-46AC-A47D-1D36EA86538A}.Debug|Any CPU.ActiveCfg = Debug|Any CPU
		{507A0502-660D-46AC-A47D-1D36EA86538A}.Debug|Any CPU.Build.0 = Debug|Any CPU
		{507A0502-660D-46AC-A47D-1D36EA86538A}.Release|Any CPU.ActiveCfg = Release|Any CPU
		{507A0502-660D-46AC-A47D-1D36EA86538A}.Release|Any CPU.Build.0 = Release|Any CPU
		{3A79DF47-1678-42D7-9346-BA1F073ACCB9}.Debug|Any CPU.ActiveCfg = Debug|Any CPU
		{3A79DF47-1678-42D7-9346-BA1F073ACCB9}.Debug|Any CPU.Build.0 = Debug|Any CPU
		{3A79DF47-1678-42D7-9346-BA1F073ACCB9}.Release|Any CPU.ActiveCfg = Release|Any CPU
		{3A79DF47-1678-42D7-9346-BA1F073ACCB9}.Release|Any CPU.Build.0 = Release|Any CPU
		{70A9AFB4-9B9A-4172-AECC-C5CD159AA50D}.Debug|Any CPU.ActiveCfg = Debug|Any CPU
		{70A9AFB4-9B9A-4172-AECC-C5CD159AA50D}.Debug|Any CPU.Build.0 = Debug|Any CPU
		{70A9AFB4-9B9A-4172-AECC-C5CD159AA50D}.Release|Any CPU.ActiveCfg = Release|Any CPU
		{70A9AFB4-9B9A-4172-AECC-C5CD159AA50D}.Release|Any CPU.Build.0 = Release|Any CPU
		{5C35BDD7-DEDD-4E20-98F5-983CED076EC3}.Debug|Any CPU.ActiveCfg = Debug|Any CPU
		{5C35BDD7-DEDD-4E20-98F5-983CED076EC3}.Debug|Any CPU.Build.0 = Debug|Any CPU
		{5C35BDD7-DEDD-4E20-98F5-983CED076EC3}.Release|Any CPU.ActiveCfg = Release|Any CPU
		{5C35BDD7-DEDD-4E20-98F5-983CED076EC3}.Release|Any CPU.Build.0 = Release|Any CPU
		{18D0B152-617C-4B71-AB80-AB0E131DE364}.Debug|Any CPU.ActiveCfg = Debug|Any CPU
		{18D0B152-617C-4B71-AB80-AB0E131DE364}.Debug|Any CPU.Build.0 = Debug|Any CPU
		{18D0B152-617C-4B71-AB80-AB0E131DE364}.Release|Any CPU.ActiveCfg = Release|Any CPU
		{18D0B152-617C-4B71-AB80-AB0E131DE364}.Release|Any CPU.Build.0 = Release|Any CPU
		{05368AD0-A179-4F07-93A8-AA2605AA5D77}.Debug|Any CPU.ActiveCfg = Debug|Any CPU
		{05368AD0-A179-4F07-93A8-AA2605AA5D77}.Debug|Any CPU.Build.0 = Debug|Any CPU
		{05368AD0-A179-4F07-93A8-AA2605AA5D77}.Release|Any CPU.ActiveCfg = Release|Any CPU
		{05368AD0-A179-4F07-93A8-AA2605AA5D77}.Release|Any CPU.Build.0 = Release|Any CPU
		{0C03BFEA-EDFE-47A8-B98E-66CD66C052DE}.Debug|Any CPU.ActiveCfg = Debug|Any CPU
		{0C03BFEA-EDFE-47A8-B98E-66CD66C052DE}.Debug|Any CPU.Build.0 = Debug|Any CPU
		{0C03BFEA-EDFE-47A8-B98E-66CD66C052DE}.Release|Any CPU.ActiveCfg = Release|Any CPU
		{0C03BFEA-EDFE-47A8-B98E-66CD66C052DE}.Release|Any CPU.Build.0 = Release|Any CPU
		{141C7992-20D7-47C1-AC9D-CD4C961E40BA}.Debug|Any CPU.ActiveCfg = Debug|Any CPU
		{141C7992-20D7-47C1-AC9D-CD4C961E40BA}.Debug|Any CPU.Build.0 = Debug|Any CPU
		{141C7992-20D7-47C1-AC9D-CD4C961E40BA}.Release|Any CPU.ActiveCfg = Release|Any CPU
		{141C7992-20D7-47C1-AC9D-CD4C961E40BA}.Release|Any CPU.Build.0 = Release|Any CPU
		{09F24005-8910-4876-93E6-0635AD0A755C}.Debug|Any CPU.ActiveCfg = Debug|Any CPU
		{09F24005-8910-4876-93E6-0635AD0A755C}.Debug|Any CPU.Build.0 = Debug|Any CPU
		{09F24005-8910-4876-93E6-0635AD0A755C}.Release|Any CPU.ActiveCfg = Release|Any CPU
		{09F24005-8910-4876-93E6-0635AD0A755C}.Release|Any CPU.Build.0 = Release|Any CPU
		{D01BFC7E-2623-4D91-A485-830C8C1487CC}.Debug|Any CPU.ActiveCfg = Debug|Any CPU
		{D01BFC7E-2623-4D91-A485-830C8C1487CC}.Debug|Any CPU.Build.0 = Debug|Any CPU
		{D01BFC7E-2623-4D91-A485-830C8C1487CC}.Release|Any CPU.ActiveCfg = Release|Any CPU
		{D01BFC7E-2623-4D91-A485-830C8C1487CC}.Release|Any CPU.Build.0 = Release|Any CPU
	EndGlobalSection
	GlobalSection(SolutionProperties) = preSolution
		HideSolutionNode = FALSE
	EndGlobalSection
	GlobalSection(ExtensibilityGlobals) = postSolution
		SolutionGuid = {9B72E418-3B32-4401-94F2-E7AEFF2DFB1F}
	EndGlobalSection
EndGlobal
