
Microsoft Visual Studio Solution File, Format Version 12.00
# Visual Studio Version 17
VisualStudioVersion = 17.4.33213.308
MinimumVisualStudioVersion = 10.0.40219.1
Project("{FAE04EC0-301F-11D3-BF4B-00C04F79EFBC}") = "exercise01", "exercise01\exercise01.csproj", "{382C059A-B56B-4836-88FC-552CCC70F4C7}"
EndProject
Project("{FAE04EC0-301F-11D3-BF4B-00C04F79EFBC}") = "exercise02", "exercise02\exercise02.csproj", "{202ED9E3-C798-4C00-98D8-DD1E4A7033D5}"
EndProject
Global
	GlobalSection(SolutionConfigurationPlatforms) = preSolution
		Debug|Any CPU = Debug|Any CPU
		Release|Any CPU = Release|Any CPU
	EndGlobalSection
	GlobalSection(ProjectConfigurationPlatforms) = postSolution
		{382C059A-B56B-4836-88FC-552CCC70F4C7}.Debug|Any CPU.ActiveCfg = Debug|Any CPU
		{382C059A-B56B-4836-88FC-552CCC70F4C7}.Debug|Any CPU.Build.0 = Debug|Any CPU
		{382C059A-B56B-4836-88FC-552CCC70F4C7}.Release|Any CPU.ActiveCfg = Release|Any CPU
		{382C059A-B56B-4836-88FC-552CCC70F4C7}.Release|Any CPU.Build.0 = Release|Any CPU
		{202ED9E3-C798-4C00-98D8-DD1E4A7033D5}.Debug|Any CPU.ActiveCfg = Debug|Any CPU
		{202ED9E3-C798-4C00-98D8-DD1E4A7033D5}.Debug|Any CPU.Build.0 = Debug|Any CPU
		{202ED9E3-C798-4C00-98D8-DD1E4A7033D5}.Release|Any CPU.ActiveCfg = Release|Any CPU
		{202ED9E3-C798-4C00-98D8-DD1E4A7033D5}.Release|Any CPU.Build.0 = Release|Any CPU
	EndGlobalSection
	GlobalSection(SolutionProperties) = preSolution
		HideSolutionNode = FALSE
	EndGlobalSection
	GlobalSection(ExtensibilityGlobals) = postSolution
		SolutionGuid = {430A789B-82B2-4DB7-8194-1E62B85BD14B}
	EndGlobalSection
EndGlobal
