
Microsoft Visual Studio Solution File, Format Version 12.00
# Visual Studio Version 17
VisualStudioVersion = 17.5.33424.131
MinimumVisualStudioVersion = 10.0.40219.1
Project("{FAE04EC0-301F-11D3-BF4B-00C04F79EFBC}") = "example", "example\example.csproj", "{9E6CC68D-1C81-403A-93C9-8C60C90D208E}"
EndProject
Global
	GlobalSection(SolutionConfigurationPlatforms) = preSolution
		Debug|Any CPU = Debug|Any CPU
		Release|Any CPU = Release|Any CPU
	EndGlobalSection
	GlobalSection(ProjectConfigurationPlatforms) = postSolution
		{9E6CC68D-1C81-403A-93C9-8C60C90D208E}.Debug|Any CPU.ActiveCfg = Debug|Any CPU
		{9E6CC68D-1C81-403A-93C9-8C60C90D208E}.Debug|Any CPU.Build.0 = Debug|Any CPU
		{9E6CC68D-1C81-403A-93C9-8C60C90D208E}.Release|Any CPU.ActiveCfg = Release|Any CPU
		{9E6CC68D-1C81-403A-93C9-8C60C90D208E}.Release|Any CPU.Build.0 = Release|Any CPU
	EndGlobalSection
	GlobalSection(SolutionProperties) = preSolution
		HideSolutionNode = FALSE
	EndGlobalSection
	GlobalSection(ExtensibilityGlobals) = postSolution
		SolutionGuid = {52B10A15-B435-4F6C-99ED-0FF65E09725B}
	EndGlobalSection
EndGlobal
