
Microsoft Visual Studio Solution File, Format Version 12.00
# Visual Studio Version 17
VisualStudioVersion = 17.3.32825.248
MinimumVisualStudioVersion = 10.0.40219.1
Project("{FAE04EC0-301F-11D3-BF4B-00C04F79EFBC}") = "Ejemplos-controles", "Ejemplos-controles\Ejemplos-controles.csproj", "{DAD9AAEF-1912-4329-ACE1-9FAF87486C5C}"
EndProject
Project("{FAE04EC0-301F-11D3-BF4B-00C04F79EFBC}") = "02-buttons-labels", "02-buttons-labels\02-buttons-labels.csproj", "{CE952459-6BC4-4340-8320-2071E79D2CD8}"
EndProject
Project("{FAE04EC0-301F-11D3-BF4B-00C04F79EFBC}") = "03-checkBox-radioBtn-grpBox", "03-checkBox-radioBtn-grpBox\03-checkBox-radioBtn-grpBox.csproj", "{9CC3AC7C-2F7B-45F1-8AFC-53F55D20FD8D}"
EndProject
Project("{FAE04EC0-301F-11D3-BF4B-00C04F79EFBC}") = "04-listBox-ComboBox", "04-listBox-ComboBox\04-listBox-ComboBox.csproj", "{4F50A556-A09D-457F-9057-D0BDE8ACE7D6}"
EndProject
Project("{FAE04EC0-301F-11D3-BF4B-00C04F79EFBC}") = "05-calendar-progressBar-dataView", "05-calendar-progressBar-dataView\05-calendar-progressBar-dataView.csproj", "{E48B753E-BC0F-4F7E-B260-C9C6F4B50ECD}"
EndProject
Project("{FAE04EC0-301F-11D3-BF4B-00C04F79EFBC}") = "06-colorFontDialog", "06-colorFontDialog\06-colorFontDialog.csproj", "{33388364-E7C8-46D0-9BC6-C8C280FD357E}"
EndProject
Project("{FAE04EC0-301F-11D3-BF4B-00C04F79EFBC}") = "07-various-controls", "07-various-controls\07-various-controls.csproj", "{64E0D38E-9700-48CD-A030-114AB6886A08}"
EndProject
Project("{FAE04EC0-301F-11D3-BF4B-00C04F79EFBC}") = "08-various-controls-v2.0", "08-various-controls-v2.0\08-various-controls-v2.0.csproj", "{8EFB1C12-2677-4886-9A67-B08325C785EA}"
EndProject
Global
	GlobalSection(SolutionConfigurationPlatforms) = preSolution
		Debug|Any CPU = Debug|Any CPU
		Release|Any CPU = Release|Any CPU
	EndGlobalSection
	GlobalSection(ProjectConfigurationPlatforms) = postSolution
		{DAD9AAEF-1912-4329-ACE1-9FAF87486C5C}.Debug|Any CPU.ActiveCfg = Debug|Any CPU
		{DAD9AAEF-1912-4329-ACE1-9FAF87486C5C}.Debug|Any CPU.Build.0 = Debug|Any CPU
		{DAD9AAEF-1912-4329-ACE1-9FAF87486C5C}.Release|Any CPU.ActiveCfg = Release|Any CPU
		{DAD9AAEF-1912-4329-ACE1-9FAF87486C5C}.Release|Any CPU.Build.0 = Release|Any CPU
		{CE952459-6BC4-4340-8320-2071E79D2CD8}.Debug|Any CPU.ActiveCfg = Debug|Any CPU
		{CE952459-6BC4-4340-8320-2071E79D2CD8}.Debug|Any CPU.Build.0 = Debug|Any CPU
		{CE952459-6BC4-4340-8320-2071E79D2CD8}.Release|Any CPU.ActiveCfg = Release|Any CPU
		{CE952459-6BC4-4340-8320-2071E79D2CD8}.Release|Any CPU.Build.0 = Release|Any CPU
		{9CC3AC7C-2F7B-45F1-8AFC-53F55D20FD8D}.Debug|Any CPU.ActiveCfg = Debug|Any CPU
		{9CC3AC7C-2F7B-45F1-8AFC-53F55D20FD8D}.Debug|Any CPU.Build.0 = Debug|Any CPU
		{9CC3AC7C-2F7B-45F1-8AFC-53F55D20FD8D}.Release|Any CPU.ActiveCfg = Release|Any CPU
		{9CC3AC7C-2F7B-45F1-8AFC-53F55D20FD8D}.Release|Any CPU.Build.0 = Release|Any CPU
		{4F50A556-A09D-457F-9057-D0BDE8ACE7D6}.Debug|Any CPU.ActiveCfg = Debug|Any CPU
		{4F50A556-A09D-457F-9057-D0BDE8ACE7D6}.Debug|Any CPU.Build.0 = Debug|Any CPU
		{4F50A556-A09D-457F-9057-D0BDE8ACE7D6}.Release|Any CPU.ActiveCfg = Release|Any CPU
		{4F50A556-A09D-457F-9057-D0BDE8ACE7D6}.Release|Any CPU.Build.0 = Release|Any CPU
		{E48B753E-BC0F-4F7E-B260-C9C6F4B50ECD}.Debug|Any CPU.ActiveCfg = Debug|Any CPU
		{E48B753E-BC0F-4F7E-B260-C9C6F4B50ECD}.Debug|Any CPU.Build.0 = Debug|Any CPU
		{E48B753E-BC0F-4F7E-B260-C9C6F4B50ECD}.Release|Any CPU.ActiveCfg = Release|Any CPU
		{E48B753E-BC0F-4F7E-B260-C9C6F4B50ECD}.Release|Any CPU.Build.0 = Release|Any CPU
		{33388364-E7C8-46D0-9BC6-C8C280FD357E}.Debug|Any CPU.ActiveCfg = Debug|Any CPU
		{33388364-E7C8-46D0-9BC6-C8C280FD357E}.Debug|Any CPU.Build.0 = Debug|Any CPU
		{33388364-E7C8-46D0-9BC6-C8C280FD357E}.Release|Any CPU.ActiveCfg = Release|Any CPU
		{33388364-E7C8-46D0-9BC6-C8C280FD357E}.Release|Any CPU.Build.0 = Release|Any CPU
		{64E0D38E-9700-48CD-A030-114AB6886A08}.Debug|Any CPU.ActiveCfg = Debug|Any CPU
		{64E0D38E-9700-48CD-A030-114AB6886A08}.Debug|Any CPU.Build.0 = Debug|Any CPU
		{64E0D38E-9700-48CD-A030-114AB6886A08}.Release|Any CPU.ActiveCfg = Release|Any CPU
		{64E0D38E-9700-48CD-A030-114AB6886A08}.Release|Any CPU.Build.0 = Release|Any CPU
		{8EFB1C12-2677-4886-9A67-B08325C785EA}.Debug|Any CPU.ActiveCfg = Debug|Any CPU
		{8EFB1C12-2677-4886-9A67-B08325C785EA}.Debug|Any CPU.Build.0 = Debug|Any CPU
		{8EFB1C12-2677-4886-9A67-B08325C785EA}.Release|Any CPU.ActiveCfg = Release|Any CPU
		{8EFB1C12-2677-4886-9A67-B08325C785EA}.Release|Any CPU.Build.0 = Release|Any CPU
	EndGlobalSection
	GlobalSection(SolutionProperties) = preSolution
		HideSolutionNode = FALSE
	EndGlobalSection
	GlobalSection(ExtensibilityGlobals) = postSolution
		SolutionGuid = {F4C6BF86-006B-4424-8FF7-A337EE158B39}
	EndGlobalSection
EndGlobal
