
Microsoft Visual Studio Solution File, Format Version 12.00
# Visual Studio Version 17
VisualStudioVersion = 17.4.33205.214
MinimumVisualStudioVersion = 10.0.40219.1
Project("{FAE04EC0-301F-11D3-BF4B-00C04F79EFBC}") = "exercise01", "exercise01\exercise01.csproj", "{F110FE8F-6BA3-4CAD-8447-482B7BF9D890}"
EndProject
Project("{FAE04EC0-301F-11D3-BF4B-00C04F79EFBC}") = "exercise02", "exercise02\exercise02.csproj", "{96C98808-47A9-42A9-8E36-242C9464DC78}"
EndProject
Project("{FAE04EC0-301F-11D3-BF4B-00C04F79EFBC}") = "exercise03", "exercise03\exercise03.csproj", "{67C56097-5BB2-4DA5-9427-F2EF201D68FC}"
EndProject
Project("{FAE04EC0-301F-11D3-BF4B-00C04F79EFBC}") = "exercise04", "exercise04\exercise04.csproj", "{198E9665-D407-4358-A123-E840F8E330AE}"
EndProject
Project("{FAE04EC0-301F-11D3-BF4B-00C04F79EFBC}") = "exercise5", "exercise5\exercise5.csproj", "{1988AFB0-7F8C-4E3C-8121-6709E41DF6F7}"
EndProject
Project("{FAE04EC0-301F-11D3-BF4B-00C04F79EFBC}") = "exercise06", "exercise06\exercise06.csproj", "{8ABB76A3-0220-4542-94A4-8E06B143EE00}"
EndProject
Project("{FAE04EC0-301F-11D3-BF4B-00C04F79EFBC}") = "exercise07", "exercise07\exercise07.csproj", "{FEC95A51-ECD9-4370-B866-556D87FFFD41}"
EndProject
Project("{FAE04EC0-301F-11D3-BF4B-00C04F79EFBC}") = "exercise08", "exercise08\exercise08.csproj", "{99E0CFAD-8434-4A10-85DD-D1DB06B63D71}"
EndProject
Project("{FAE04EC0-301F-11D3-BF4B-00C04F79EFBC}") = "exercise09", "exercise09\exercise09.csproj", "{053D6A4C-F5AE-40BC-AF92-6213B6DDEC60}"
EndProject
Project("{FAE04EC0-301F-11D3-BF4B-00C04F79EFBC}") = "exercise10", "exercise10\exercise10.csproj", "{730899E0-0A3B-45F9-BBF8-3CAF044810D7}"
EndProject
Global
	GlobalSection(SolutionConfigurationPlatforms) = preSolution
		Debug|Any CPU = Debug|Any CPU
		Release|Any CPU = Release|Any CPU
	EndGlobalSection
	GlobalSection(ProjectConfigurationPlatforms) = postSolution
		{F110FE8F-6BA3-4CAD-8447-482B7BF9D890}.Debug|Any CPU.ActiveCfg = Debug|Any CPU
		{F110FE8F-6BA3-4CAD-8447-482B7BF9D890}.Debug|Any CPU.Build.0 = Debug|Any CPU
		{F110FE8F-6BA3-4CAD-8447-482B7BF9D890}.Release|Any CPU.ActiveCfg = Release|Any CPU
		{F110FE8F-6BA3-4CAD-8447-482B7BF9D890}.Release|Any CPU.Build.0 = Release|Any CPU
		{96C98808-47A9-42A9-8E36-242C9464DC78}.Debug|Any CPU.ActiveCfg = Debug|Any CPU
		{96C98808-47A9-42A9-8E36-242C9464DC78}.Debug|Any CPU.Build.0 = Debug|Any CPU
		{96C98808-47A9-42A9-8E36-242C9464DC78}.Release|Any CPU.ActiveCfg = Release|Any CPU
		{96C98808-47A9-42A9-8E36-242C9464DC78}.Release|Any CPU.Build.0 = Release|Any CPU
		{67C56097-5BB2-4DA5-9427-F2EF201D68FC}.Debug|Any CPU.ActiveCfg = Debug|Any CPU
		{67C56097-5BB2-4DA5-9427-F2EF201D68FC}.Debug|Any CPU.Build.0 = Debug|Any CPU
		{67C56097-5BB2-4DA5-9427-F2EF201D68FC}.Release|Any CPU.ActiveCfg = Release|Any CPU
		{67C56097-5BB2-4DA5-9427-F2EF201D68FC}.Release|Any CPU.Build.0 = Release|Any CPU
		{198E9665-D407-4358-A123-E840F8E330AE}.Debug|Any CPU.ActiveCfg = Debug|Any CPU
		{198E9665-D407-4358-A123-E840F8E330AE}.Debug|Any CPU.Build.0 = Debug|Any CPU
		{198E9665-D407-4358-A123-E840F8E330AE}.Release|Any CPU.ActiveCfg = Release|Any CPU
		{198E9665-D407-4358-A123-E840F8E330AE}.Release|Any CPU.Build.0 = Release|Any CPU
		{1988AFB0-7F8C-4E3C-8121-6709E41DF6F7}.Debug|Any CPU.ActiveCfg = Debug|Any CPU
		{1988AFB0-7F8C-4E3C-8121-6709E41DF6F7}.Debug|Any CPU.Build.0 = Debug|Any CPU
		{1988AFB0-7F8C-4E3C-8121-6709E41DF6F7}.Release|Any CPU.ActiveCfg = Release|Any CPU
		{1988AFB0-7F8C-4E3C-8121-6709E41DF6F7}.Release|Any CPU.Build.0 = Release|Any CPU
		{8ABB76A3-0220-4542-94A4-8E06B143EE00}.Debug|Any CPU.ActiveCfg = Debug|Any CPU
		{8ABB76A3-0220-4542-94A4-8E06B143EE00}.Debug|Any CPU.Build.0 = Debug|Any CPU
		{8ABB76A3-0220-4542-94A4-8E06B143EE00}.Release|Any CPU.ActiveCfg = Release|Any CPU
		{8ABB76A3-0220-4542-94A4-8E06B143EE00}.Release|Any CPU.Build.0 = Release|Any CPU
		{FEC95A51-ECD9-4370-B866-556D87FFFD41}.Debug|Any CPU.ActiveCfg = Debug|Any CPU
		{FEC95A51-ECD9-4370-B866-556D87FFFD41}.Debug|Any CPU.Build.0 = Debug|Any CPU
		{FEC95A51-ECD9-4370-B866-556D87FFFD41}.Release|Any CPU.ActiveCfg = Release|Any CPU
		{FEC95A51-ECD9-4370-B866-556D87FFFD41}.Release|Any CPU.Build.0 = Release|Any CPU
		{99E0CFAD-8434-4A10-85DD-D1DB06B63D71}.Debug|Any CPU.ActiveCfg = Debug|Any CPU
		{99E0CFAD-8434-4A10-85DD-D1DB06B63D71}.Debug|Any CPU.Build.0 = Debug|Any CPU
		{99E0CFAD-8434-4A10-85DD-D1DB06B63D71}.Release|Any CPU.ActiveCfg = Release|Any CPU
		{99E0CFAD-8434-4A10-85DD-D1DB06B63D71}.Release|Any CPU.Build.0 = Release|Any CPU
		{053D6A4C-F5AE-40BC-AF92-6213B6DDEC60}.Debug|Any CPU.ActiveCfg = Debug|Any CPU
		{053D6A4C-F5AE-40BC-AF92-6213B6DDEC60}.Debug|Any CPU.Build.0 = Debug|Any CPU
		{053D6A4C-F5AE-40BC-AF92-6213B6DDEC60}.Release|Any CPU.ActiveCfg = Release|Any CPU
		{053D6A4C-F5AE-40BC-AF92-6213B6DDEC60}.Release|Any CPU.Build.0 = Release|Any CPU
		{730899E0-0A3B-45F9-BBF8-3CAF044810D7}.Debug|Any CPU.ActiveCfg = Debug|Any CPU
		{730899E0-0A3B-45F9-BBF8-3CAF044810D7}.Debug|Any CPU.Build.0 = Debug|Any CPU
		{730899E0-0A3B-45F9-BBF8-3CAF044810D7}.Release|Any CPU.ActiveCfg = Release|Any CPU
		{730899E0-0A3B-45F9-BBF8-3CAF044810D7}.Release|Any CPU.Build.0 = Release|Any CPU
	EndGlobalSection
	GlobalSection(SolutionProperties) = preSolution
		HideSolutionNode = FALSE
	EndGlobalSection
	GlobalSection(ExtensibilityGlobals) = postSolution
		SolutionGuid = {C3FB8F45-1518-4660-8AD6-E6E8BA4A7C58}
	EndGlobalSection
EndGlobal
