
Microsoft Visual Studio Solution File, Format Version 12.00
# Visual Studio Version 17
VisualStudioVersion = 17.3.32901.215
MinimumVisualStudioVersion = 10.0.40219.1
Project("{FAE04EC0-301F-11D3-BF4B-00C04F79EFBC}") = "ejercicio01", "ejercicio01\ejercicio01.csproj", "{C31E443F-EF2A-4506-B56C-5861693AB912}"
EndProject
Project("{FAE04EC0-301F-11D3-BF4B-00C04F79EFBC}") = "ejercicio02", "ejercicio02\ejercicio02.csproj", "{195F3191-A6B3-4825-B474-16301E3A7170}"
EndProject
Project("{FAE04EC0-301F-11D3-BF4B-00C04F79EFBC}") = "ejercicio04", "ejercicio05\ejercicio04.csproj", "{CACE6F42-534B-4BF9-801C-6640F3230ED2}"
EndProject
Project("{FAE04EC0-301F-11D3-BF4B-00C04F79EFBC}") = "ejercicio5.1", "ejercicio5.1\ejercicio5.1.csproj", "{04DC6537-B09E-4B2D-8FED-3EB8B50E2E20}"
EndProject
Project("{FAE04EC0-301F-11D3-BF4B-00C04F79EFBC}") = "ejercicio06", "ejercicio06\ejercicio06.csproj", "{19623159-1C39-401E-AB65-40939DFFFFC5}"
EndProject
Project("{FAE04EC0-301F-11D3-BF4B-00C04F79EFBC}") = "ejercicio08", "ejercicio08\ejercicio08.csproj", "{A5731E43-4D5C-4BF8-AF3E-C592ED10C190}"
EndProject
Project("{FAE04EC0-301F-11D3-BF4B-00C04F79EFBC}") = "ejercicio09", "ejercicio09\ejercicio09.csproj", "{F204B027-B9E5-4DB6-9985-2F619A1E7DC9}"
EndProject
Project("{FAE04EC0-301F-11D3-BF4B-00C04F79EFBC}") = "ejercicio10", "ejercicio10\ejercicio10.csproj", "{6D87015D-9942-48D2-8278-84808A19801A}"
EndProject
Project("{FAE04EC0-301F-11D3-BF4B-00C04F79EFBC}") = "ejercicio11", "ejercicio11\ejercicio11.csproj", "{2CA279E3-A454-4144-8C05-CEFF58777CDA}"
EndProject
Global
	GlobalSection(SolutionConfigurationPlatforms) = preSolution
		Debug|Any CPU = Debug|Any CPU
		Release|Any CPU = Release|Any CPU
	EndGlobalSection
	GlobalSection(ProjectConfigurationPlatforms) = postSolution
		{C31E443F-EF2A-4506-B56C-5861693AB912}.Debug|Any CPU.ActiveCfg = Debug|Any CPU
		{C31E443F-EF2A-4506-B56C-5861693AB912}.Debug|Any CPU.Build.0 = Debug|Any CPU
		{C31E443F-EF2A-4506-B56C-5861693AB912}.Release|Any CPU.ActiveCfg = Release|Any CPU
		{C31E443F-EF2A-4506-B56C-5861693AB912}.Release|Any CPU.Build.0 = Release|Any CPU
		{195F3191-A6B3-4825-B474-16301E3A7170}.Debug|Any CPU.ActiveCfg = Debug|Any CPU
		{195F3191-A6B3-4825-B474-16301E3A7170}.Debug|Any CPU.Build.0 = Debug|Any CPU
		{195F3191-A6B3-4825-B474-16301E3A7170}.Release|Any CPU.ActiveCfg = Release|Any CPU
		{195F3191-A6B3-4825-B474-16301E3A7170}.Release|Any CPU.Build.0 = Release|Any CPU
		{CACE6F42-534B-4BF9-801C-6640F3230ED2}.Debug|Any CPU.ActiveCfg = Debug|Any CPU
		{CACE6F42-534B-4BF9-801C-6640F3230ED2}.Debug|Any CPU.Build.0 = Debug|Any CPU
		{CACE6F42-534B-4BF9-801C-6640F3230ED2}.Release|Any CPU.ActiveCfg = Release|Any CPU
		{CACE6F42-534B-4BF9-801C-6640F3230ED2}.Release|Any CPU.Build.0 = Release|Any CPU
		{04DC6537-B09E-4B2D-8FED-3EB8B50E2E20}.Debug|Any CPU.ActiveCfg = Debug|Any CPU
		{04DC6537-B09E-4B2D-8FED-3EB8B50E2E20}.Debug|Any CPU.Build.0 = Debug|Any CPU
		{04DC6537-B09E-4B2D-8FED-3EB8B50E2E20}.Release|Any CPU.ActiveCfg = Release|Any CPU
		{04DC6537-B09E-4B2D-8FED-3EB8B50E2E20}.Release|Any CPU.Build.0 = Release|Any CPU
		{19623159-1C39-401E-AB65-40939DFFFFC5}.Debug|Any CPU.ActiveCfg = Debug|Any CPU
		{19623159-1C39-401E-AB65-40939DFFFFC5}.Debug|Any CPU.Build.0 = Debug|Any CPU
		{19623159-1C39-401E-AB65-40939DFFFFC5}.Release|Any CPU.ActiveCfg = Release|Any CPU
		{19623159-1C39-401E-AB65-40939DFFFFC5}.Release|Any CPU.Build.0 = Release|Any CPU
		{A5731E43-4D5C-4BF8-AF3E-C592ED10C190}.Debug|Any CPU.ActiveCfg = Debug|Any CPU
		{A5731E43-4D5C-4BF8-AF3E-C592ED10C190}.Debug|Any CPU.Build.0 = Debug|Any CPU
		{A5731E43-4D5C-4BF8-AF3E-C592ED10C190}.Release|Any CPU.ActiveCfg = Release|Any CPU
		{A5731E43-4D5C-4BF8-AF3E-C592ED10C190}.Release|Any CPU.Build.0 = Release|Any CPU
		{F204B027-B9E5-4DB6-9985-2F619A1E7DC9}.Debug|Any CPU.ActiveCfg = Debug|Any CPU
		{F204B027-B9E5-4DB6-9985-2F619A1E7DC9}.Debug|Any CPU.Build.0 = Debug|Any CPU
		{F204B027-B9E5-4DB6-9985-2F619A1E7DC9}.Release|Any CPU.ActiveCfg = Release|Any CPU
		{F204B027-B9E5-4DB6-9985-2F619A1E7DC9}.Release|Any CPU.Build.0 = Release|Any CPU
		{6D87015D-9942-48D2-8278-84808A19801A}.Debug|Any CPU.ActiveCfg = Debug|Any CPU
		{6D87015D-9942-48D2-8278-84808A19801A}.Debug|Any CPU.Build.0 = Debug|Any CPU
		{6D87015D-9942-48D2-8278-84808A19801A}.Release|Any CPU.ActiveCfg = Release|Any CPU
		{6D87015D-9942-48D2-8278-84808A19801A}.Release|Any CPU.Build.0 = Release|Any CPU
		{2CA279E3-A454-4144-8C05-CEFF58777CDA}.Debug|Any CPU.ActiveCfg = Debug|Any CPU
		{2CA279E3-A454-4144-8C05-CEFF58777CDA}.Debug|Any CPU.Build.0 = Debug|Any CPU
		{2CA279E3-A454-4144-8C05-CEFF58777CDA}.Release|Any CPU.ActiveCfg = Release|Any CPU
		{2CA279E3-A454-4144-8C05-CEFF58777CDA}.Release|Any CPU.Build.0 = Release|Any CPU
	EndGlobalSection
	GlobalSection(SolutionProperties) = preSolution
		HideSolutionNode = FALSE
	EndGlobalSection
	GlobalSection(ExtensibilityGlobals) = postSolution
		SolutionGuid = {26EA704E-6F41-4E25-9A8C-A3FC299295D3}
	EndGlobalSection
EndGlobal
